
Microsoft Visual Studio Solution File, Format Version 12.00
# Visual Studio Version 16
VisualStudioVersion = 16.0.30204.135
MinimumVisualStudioVersion = 10.0.40219.1
Project("{8BC9CEB8-8B4A-11D0-8D11-00A0C91BC942}") = "Lecture7", "Lecture7\Lecture7.vcxproj", "{2A0BC298-311A-47A7-98C4-40A5F1B88865}"
EndProject
Global
	GlobalSection(SolutionConfigurationPlatforms) = preSolution
		Debug|x64 = Debug|x64
		Debug|x86 = Debug|x86
		Release|x64 = Release|x64
		Release|x86 = Release|x86
	EndGlobalSection
	GlobalSection(ProjectConfigurationPlatforms) = postSolution
		{2A0BC298-311A-47A7-98C4-40A5F1B88865}.Debug|x64.ActiveCfg = Debug|x64
		{2A0BC298-311A-47A7-98C4-40A5F1B88865}.Debug|x64.Build.0 = Debug|x64
		{2A0BC298-311A-47A7-98C4-40A5F1B88865}.Debug|x86.ActiveCfg = Debug|Win32
		{2A0BC298-311A-47A7-98C4-40A5F1B88865}.Debug|x86.Build.0 = Debug|Win32
		{2A0BC298-311A-47A7-98C4-40A5F1B88865}.Release|x64.ActiveCfg = Release|x64
		{2A0BC298-311A-47A7-98C4-40A5F1B88865}.Release|x64.Build.0 = Release|x64
		{2A0BC298-311A-47A7-98C4-40A5F1B88865}.Release|x86.ActiveCfg = Release|Win32
		{2A0BC298-311A-47A7-98C4-40A5F1B88865}.Release|x86.Build.0 = Release|Win32
	EndGlobalSection
	GlobalSection(SolutionProperties) = preSolution
		HideSolutionNode = FALSE
	EndGlobalSection
	GlobalSection(ExtensibilityGlobals) = postSolution
		SolutionGuid = {95912EA5-F6AB-4075-B897-8C0AB442150B}
	EndGlobalSection
EndGlobal
