
Microsoft Visual Studio Solution File, Format Version 12.00
# Visual Studio Version 16
VisualStudioVersion = 16.0.30204.135
MinimumVisualStudioVersion = 10.0.40219.1
Project("{8BC9CEB8-8B4A-11D0-8D11-00A0C91BC942}") = "Quiz6Q3", "Quiz6Q3\Quiz6Q3.vcxproj", "{C3189DD5-5641-439C-8602-1C67B8786B75}"
EndProject
Global
	GlobalSection(SolutionConfigurationPlatforms) = preSolution
		Debug|x64 = Debug|x64
		Debug|x86 = Debug|x86
		Release|x64 = Release|x64
		Release|x86 = Release|x86
	EndGlobalSection
	GlobalSection(ProjectConfigurationPlatforms) = postSolution
		{C3189DD5-5641-439C-8602-1C67B8786B75}.Debug|x64.ActiveCfg = Debug|x64
		{C3189DD5-5641-439C-8602-1C67B8786B75}.Debug|x64.Build.0 = Debug|x64
		{C3189DD5-5641-439C-8602-1C67B8786B75}.Debug|x86.ActiveCfg = Debug|Win32
		{C3189DD5-5641-439C-8602-1C67B8786B75}.Debug|x86.Build.0 = Debug|Win32
		{C3189DD5-5641-439C-8602-1C67B8786B75}.Release|x64.ActiveCfg = Release|x64
		{C3189DD5-5641-439C-8602-1C67B8786B75}.Release|x64.Build.0 = Release|x64
		{C3189DD5-5641-439C-8602-1C67B8786B75}.Release|x86.ActiveCfg = Release|Win32
		{C3189DD5-5641-439C-8602-1C67B8786B75}.Release|x86.Build.0 = Release|Win32
	EndGlobalSection
	GlobalSection(SolutionProperties) = preSolution
		HideSolutionNode = FALSE
	EndGlobalSection
	GlobalSection(ExtensibilityGlobals) = postSolution
		SolutionGuid = {A821A85B-C614-4087-8600-7EA98AA6C38E}
	EndGlobalSection
EndGlobal
