
Microsoft Visual Studio Solution File, Format Version 12.00
# Visual Studio Version 16
VisualStudioVersion = 16.0.30204.135
MinimumVisualStudioVersion = 10.0.40219.1
Project("{8BC9CEB8-8B4A-11D0-8D11-00A0C91BC942}") = "Quiz3Q2", "Quiz3Q2\Quiz3Q2.vcxproj", "{CE686827-D755-41C3-98AD-510150EAFB10}"
EndProject
Global
	GlobalSection(SolutionConfigurationPlatforms) = preSolution
		Debug|x64 = Debug|x64
		Debug|x86 = Debug|x86
		Release|x64 = Release|x64
		Release|x86 = Release|x86
	EndGlobalSection
	GlobalSection(ProjectConfigurationPlatforms) = postSolution
		{CE686827-D755-41C3-98AD-510150EAFB10}.Debug|x64.ActiveCfg = Debug|x64
		{CE686827-D755-41C3-98AD-510150EAFB10}.Debug|x64.Build.0 = Debug|x64
		{CE686827-D755-41C3-98AD-510150EAFB10}.Debug|x86.ActiveCfg = Debug|Win32
		{CE686827-D755-41C3-98AD-510150EAFB10}.Debug|x86.Build.0 = Debug|Win32
		{CE686827-D755-41C3-98AD-510150EAFB10}.Release|x64.ActiveCfg = Release|x64
		{CE686827-D755-41C3-98AD-510150EAFB10}.Release|x64.Build.0 = Release|x64
		{CE686827-D755-41C3-98AD-510150EAFB10}.Release|x86.ActiveCfg = Release|Win32
		{CE686827-D755-41C3-98AD-510150EAFB10}.Release|x86.Build.0 = Release|Win32
	EndGlobalSection
	GlobalSection(SolutionProperties) = preSolution
		HideSolutionNode = FALSE
	EndGlobalSection
	GlobalSection(ExtensibilityGlobals) = postSolution
		SolutionGuid = {3BD3B4D0-F1F7-4D91-A95B-3F2061AB111C}
	EndGlobalSection
EndGlobal
