
Microsoft Visual Studio Solution File, Format Version 12.00
# Visual Studio Version 16
VisualStudioVersion = 16.0.30204.135
MinimumVisualStudioVersion = 10.0.40219.1
Project("{8BC9CEB8-8B4A-11D0-8D11-00A0C91BC942}") = "Quiz6Q2", "Quiz6Q2\Quiz6Q2.vcxproj", "{71476D0C-160F-4B81-9DBE-08AD080B77C3}"
EndProject
Global
	GlobalSection(SolutionConfigurationPlatforms) = preSolution
		Debug|x64 = Debug|x64
		Debug|x86 = Debug|x86
		Release|x64 = Release|x64
		Release|x86 = Release|x86
	EndGlobalSection
	GlobalSection(ProjectConfigurationPlatforms) = postSolution
		{71476D0C-160F-4B81-9DBE-08AD080B77C3}.Debug|x64.ActiveCfg = Debug|x64
		{71476D0C-160F-4B81-9DBE-08AD080B77C3}.Debug|x64.Build.0 = Debug|x64
		{71476D0C-160F-4B81-9DBE-08AD080B77C3}.Debug|x86.ActiveCfg = Debug|Win32
		{71476D0C-160F-4B81-9DBE-08AD080B77C3}.Debug|x86.Build.0 = Debug|Win32
		{71476D0C-160F-4B81-9DBE-08AD080B77C3}.Release|x64.ActiveCfg = Release|x64
		{71476D0C-160F-4B81-9DBE-08AD080B77C3}.Release|x64.Build.0 = Release|x64
		{71476D0C-160F-4B81-9DBE-08AD080B77C3}.Release|x86.ActiveCfg = Release|Win32
		{71476D0C-160F-4B81-9DBE-08AD080B77C3}.Release|x86.Build.0 = Release|Win32
	EndGlobalSection
	GlobalSection(SolutionProperties) = preSolution
		HideSolutionNode = FALSE
	EndGlobalSection
	GlobalSection(ExtensibilityGlobals) = postSolution
		SolutionGuid = {F756F39A-B486-4305-B38E-9BEA081AAD43}
	EndGlobalSection
EndGlobal
